
Microsoft Visual Studio Solution File, Format Version 12.00
# Visual Studio 15
VisualStudioVersion = 15.0.27703.2042
MinimumVisualStudioVersion = 10.0.40219.1
Project("{FAE04EC0-301F-11D3-BF4B-00C04F79EFBC}") = "Ice_Action", "Ice_Action\Ice_Action.csproj", "{0448922E-D9DD-4015-8011-19CCB541FC48}"
EndProject
Global
	GlobalSection(SolutionConfigurationPlatforms) = preSolution
		Debug|x86 = Debug|x86
		Release|x86 = Release|x86
	EndGlobalSection
	GlobalSection(ProjectConfigurationPlatforms) = postSolution
		{0448922E-D9DD-4015-8011-19CCB541FC48}.Debug|x86.ActiveCfg = Debug|x86
		{0448922E-D9DD-4015-8011-19CCB541FC48}.Debug|x86.Build.0 = Debug|x86
		{0448922E-D9DD-4015-8011-19CCB541FC48}.Release|x86.ActiveCfg = Release|x86
		{0448922E-D9DD-4015-8011-19CCB541FC48}.Release|x86.Build.0 = Release|x86
	EndGlobalSection
	GlobalSection(SolutionProperties) = preSolution
		HideSolutionNode = FALSE
	EndGlobalSection
	GlobalSection(ExtensibilityGlobals) = postSolution
		SolutionGuid = {492DAAB8-11AC-4C8C-947D-8E63E1CA59E5}
	EndGlobalSection
EndGlobal
